// !$*UTF8*$!
{
	archiveVersion = 1;
	classes = {
	};
	objectVersion = 55;
	objects = {

/* Begin PBXBuildFile section */
		4B016EA7290F89C00012D8ED /* TenoneSDK.framework/TenoneSDK in Frameworks */ = {isa = PBXBuildFile; fileRef = 4B016EA4290F89B00012D8ED /* TenoneSDK.framework/TenoneSDK */; };
		4B016EA8290F89C00012D8ED /* TenoneSDK.framework/TenoneSDK in Embed Frameworks */ = {isa = PBXBuildFile; fileRef = 4B016EA4290F89B00012D8ED /* TenoneSDK.framework/TenoneSDK */; settings = {ATTRIBUTES = (CodeSignOnCopy, RemoveHeadersOnCopy, ); }; };
		4BB46CA0290D685900AFE63C /* AppDelegate.m in Sources */ = {isa = PBXBuildFile; fileRef = 4BB46C9F290D685900AFE63C /* AppDelegate.m */; };
		4BB46CA3290D685900AFE63C /* SceneDelegate.m in Sources */ = {isa = PBXBuildFile; fileRef = 4BB46CA2290D685900AFE63C /* SceneDelegate.m */; };
		4BB46CA6290D685900AFE63C /* TENMainViewController.mm in Sources */ = {isa = PBXBuildFile; fileRef = 4BB46CA5290D685900AFE63C /* TENMainViewController.mm */; };
		4BB46CA9290D685900AFE63C /* Main.storyboard in Resources */ = {isa = PBXBuildFile; fileRef = 4BB46CA7290D685900AFE63C /* Main.storyboard */; };
		4BB46CAB290D685A00AFE63C /* Assets.xcassets in Resources */ = {isa = PBXBuildFile; fileRef = 4BB46CAA290D685A00AFE63C /* Assets.xcassets */; };
		4BB46CAE290D685A00AFE63C /* LaunchScreen.storyboard in Resources */ = {isa = PBXBuildFile; fileRef = 4BB46CAC290D685A00AFE63C /* LaunchScreen.storyboard */; };
		4BB46CB1290D685A00AFE63C /* main.m in Sources */ = {isa = PBXBuildFile; fileRef = 4BB46CB0290D685A00AFE63C /* main.m */; };
/* End PBXBuildFile section */

/* Begin PBXContainerItemProxy section */
		4B016EA3290F89B00012D8ED /* PBXContainerItemProxy */ = {
			isa = PBXContainerItemProxy;
			containerPortal = 4BB46CDC290D6A8200AFE63C /* TenOneCommon.xcodeproj */;
			proxyType = 2;
			remoteGlobalIDString = 5B19536827694D2491B40BFB;
			remoteInfo = TenoneSDK;
		};
		4B016EA5290F89BA0012D8ED /* PBXContainerItemProxy */ = {
			isa = PBXContainerItemProxy;
			containerPortal = 4BB46CDC290D6A8200AFE63C /* TenOneCommon.xcodeproj */;
			proxyType = 1;
			remoteGlobalIDString = 88F7856293AB4D6E9F5D39B3;
			remoteInfo = TenoneSDK;
		};
/* End PBXContainerItemProxy section */

/* Begin PBXCopyFilesBuildPhase section */
		4B016EA1290EB2FB0012D8ED /* Embed Frameworks */ = {
			isa = PBXCopyFilesBuildPhase;
			buildActionMask = 2147483647;
			dstPath = "";
			dstSubfolderSpec = 10;
			files = (
				4B016EA8290F89C00012D8ED /* TenoneSDK.framework/TenoneSDK in Embed Frameworks */,
			);
			name = "Embed Frameworks";
			runOnlyForDeploymentPostprocessing = 0;
		};
/* End PBXCopyFilesBuildPhase section */

/* Begin PBXFileReference section */
		4BB46C9B290D685900AFE63C /* TenOne.app */ = {isa = PBXFileReference; explicitFileType = wrapper.application; includeInIndex = 0; path = TenOne.app; sourceTree = BUILT_PRODUCTS_DIR; };
		4BB46C9E290D685900AFE63C /* AppDelegate.h */ = {isa = PBXFileReference; lastKnownFileType = sourcecode.c.h; path = AppDelegate.h; sourceTree = "<group>"; };
		4BB46C9F290D685900AFE63C /* AppDelegate.m */ = {isa = PBXFileReference; lastKnownFileType = sourcecode.c.objc; path = AppDelegate.m; sourceTree = "<group>"; };
		4BB46CA1290D685900AFE63C /* SceneDelegate.h */ = {isa = PBXFileReference; lastKnownFileType = sourcecode.c.h; path = SceneDelegate.h; sourceTree = "<group>"; };
		4BB46CA2290D685900AFE63C /* SceneDelegate.m */ = {isa = PBXFileReference; lastKnownFileType = sourcecode.c.objc; path = SceneDelegate.m; sourceTree = "<group>"; };
		4BB46CA4290D685900AFE63C /* TENMainViewController.h */ = {isa = PBXFileReference; lastKnownFileType = sourcecode.c.h; path = TENMainViewController.h; sourceTree = "<group>"; };
		4BB46CA5290D685900AFE63C /* TENMainViewController.mm */ = {isa = PBXFileReference; lastKnownFileType = sourcecode.cpp.objcpp; path = TENMainViewController.mm; sourceTree = "<group>"; };
		4BB46CA8290D685900AFE63C /* Base */ = {isa = PBXFileReference; lastKnownFileType = file.storyboard; name = Base; path = Base.lproj/Main.storyboard; sourceTree = "<group>"; };
		4BB46CAA290D685A00AFE63C /* Assets.xcassets */ = {isa = PBXFileReference; lastKnownFileType = folder.assetcatalog; path = Assets.xcassets; sourceTree = "<group>"; };
		4BB46CAD290D685A00AFE63C /* Base */ = {isa = PBXFileReference; lastKnownFileType = file.storyboard; name = Base; path = Base.lproj/LaunchScreen.storyboard; sourceTree = "<group>"; };
		4BB46CAF290D685A00AFE63C /* Info.plist */ = {isa = PBXFileReference; lastKnownFileType = text.plist.xml; path = Info.plist; sourceTree = "<group>"; };
		4BB46CB0290D685A00AFE63C /* main.m */ = {isa = PBXFileReference; lastKnownFileType = sourcecode.c.objc; path = main.m; sourceTree = "<group>"; };
		4BB46CDC290D6A8200AFE63C /* TenOneCommon.xcodeproj */ = {isa = PBXFileReference; lastKnownFileType = "wrapper.pb-project"; name = TenOneCommon.xcodeproj; path = "../../../c++/cmake_project/TenOneCommon.xcodeproj"; sourceTree = "<group>"; };
/* End PBXFileReference section */

/* Begin PBXFrameworksBuildPhase section */
		4BB46C98290D685900AFE63C /* Frameworks */ = {
			isa = PBXFrameworksBuildPhase;
			buildActionMask = 2147483647;
			files = (
				4B016EA7290F89C00012D8ED /* TenoneSDK.framework/TenoneSDK in Frameworks */,
			);
			runOnlyForDeploymentPostprocessing = 0;
		};
/* End PBXFrameworksBuildPhase section */

/* Begin PBXGroup section */
		4BB46C92290D685900AFE63C = {
			isa = PBXGroup;
			children = (
				4BB46CDC290D6A8200AFE63C /* TenOneCommon.xcodeproj */,
				4BB46C9D290D685900AFE63C /* TenOne */,
				4BB46C9C290D685900AFE63C /* Products */,
				4BB46CE4290D6B6900AFE63C /* Frameworks */,
			);
			sourceTree = "<group>";
		};
		4BB46C9C290D685900AFE63C /* Products */ = {
			isa = PBXGroup;
			children = (
				4BB46C9B290D685900AFE63C /* TenOne.app */,
			);
			name = Products;
			sourceTree = "<group>";
		};
		4BB46C9D290D685900AFE63C /* TenOne */ = {
			isa = PBXGroup;
			children = (
				4BB46C9E290D685900AFE63C /* AppDelegate.h */,
				4BB46C9F290D685900AFE63C /* AppDelegate.m */,
				4BB46CA1290D685900AFE63C /* SceneDelegate.h */,
				4BB46CA2290D685900AFE63C /* SceneDelegate.m */,
				4BB46CA4290D685900AFE63C /* TENMainViewController.h */,
				4BB46CA5290D685900AFE63C /* TENMainViewController.mm */,
				4BB46CA7290D685900AFE63C /* Main.storyboard */,
				4BB46CAA290D685A00AFE63C /* Assets.xcassets */,
				4BB46CAC290D685A00AFE63C /* LaunchScreen.storyboard */,
				4BB46CAF290D685A00AFE63C /* Info.plist */,
				4BB46CB0290D685A00AFE63C /* main.m */,
			);
			path = TenOne;
			sourceTree = "<group>";
		};
		4BB46CDD290D6A8200AFE63C /* Products */ = {
			isa = PBXGroup;
			children = (
				4B016EA4290F89B00012D8ED /* TenoneSDK.framework/TenoneSDK */,
			);
			name = Products;
			sourceTree = "<group>";
		};
		4BB46CE4290D6B6900AFE63C /* Frameworks */ = {
			isa = PBXGroup;
			children = (
			);
			name = Frameworks;
			sourceTree = "<group>";
		};
/* End PBXGroup section */

/* Begin PBXNativeTarget section */
		4BB46C9A290D685900AFE63C /* TenOne */ = {
			isa = PBXNativeTarget;
			buildConfigurationList = 4BB46CB4290D685A00AFE63C /* Build configuration list for PBXNativeTarget "TenOne" */;
			buildPhases = (
				4BB46C97290D685900AFE63C /* Sources */,
				4BB46C98290D685900AFE63C /* Frameworks */,
				4BB46C99290D685900AFE63C /* Resources */,
				4B016EA1290EB2FB0012D8ED /* Embed Frameworks */,
			);
			buildRules = (
			);
			dependencies = (
				4B016EA6290F89BA0012D8ED /* PBXTargetDependency */,
			);
			name = TenOne;
			productName = TenOne;
			productReference = 4BB46C9B290D685900AFE63C /* TenOne.app */;
			productType = "com.apple.product-type.application";
		};
/* End PBXNativeTarget section */

/* Begin PBXProject section */
		4BB46C93290D685900AFE63C /* Project object */ = {
			isa = PBXProject;
			attributes = {
				BuildIndependentTargetsInParallel = 1;
				LastUpgradeCheck = 1340;
				TargetAttributes = {
					4BB46C9A290D685900AFE63C = {
						CreatedOnToolsVersion = 13.4.1;
					};
				};
			};
			buildConfigurationList = 4BB46C96290D685900AFE63C /* Build configuration list for PBXProject "TenOne" */;
			compatibilityVersion = "Xcode 13.0";
			developmentRegion = en;
			hasScannedForEncodings = 0;
			knownRegions = (
				en,
				Base,
			);
			mainGroup = 4BB46C92290D685900AFE63C;
			productRefGroup = 4BB46C92290D685900AFE63C;
			projectDirPath = "";
			projectReferences = (
				{
					ProductGroup = 4BB46CDD290D6A8200AFE63C /* Products */;
					ProjectRef = 4BB46CDC290D6A8200AFE63C /* TenOneCommon.xcodeproj */;
				},
			);
			projectRoot = "";
			targets = (
				4BB46C9A290D685900AFE63C /* TenOne */,
			);
		};
/* End PBXProject section */

/* Begin PBXReferenceProxy section */
		4B016EA4290F89B00012D8ED /* TenoneSDK.framework/TenoneSDK */ = {
			isa = PBXReferenceProxy;
			fileType = wrapper.framework;
			name = TenoneSDK.framework/TenoneSDK;
			path = TenoneSDK.framework;
			remoteRef = 4B016EA3290F89B00012D8ED /* PBXContainerItemProxy */;
			sourceTree = BUILT_PRODUCTS_DIR;
		};
/* End PBXReferenceProxy section */

/* Begin PBXResourcesBuildPhase section */
		4BB46C99290D685900AFE63C /* Resources */ = {
			isa = PBXResourcesBuildPhase;
			buildActionMask = 2147483647;
			files = (
				4BB46CAE290D685A00AFE63C /* LaunchScreen.storyboard in Resources */,
				4BB46CAB290D685A00AFE63C /* Assets.xcassets in Resources */,
				4BB46CA9290D685900AFE63C /* Main.storyboard in Resources */,
			);
			runOnlyForDeploymentPostprocessing = 0;
		};
/* End PBXResourcesBuildPhase section */

/* Begin PBXSourcesBuildPhase section */
		4BB46C97290D685900AFE63C /* Sources */ = {
			isa = PBXSourcesBuildPhase;
			buildActionMask = 2147483647;
			files = (
				4BB46CA6290D685900AFE63C /* TENMainViewController.mm in Sources */,
				4BB46CA0290D685900AFE63C /* AppDelegate.m in Sources */,
				4BB46CB1290D685A00AFE63C /* main.m in Sources */,
				4BB46CA3290D685900AFE63C /* SceneDelegate.m in Sources */,
			);
			runOnlyForDeploymentPostprocessing = 0;
		};
/* End PBXSourcesBuildPhase section */

/* Begin PBXTargetDependency section */
		4B016EA6290F89BA0012D8ED /* PBXTargetDependency */ = {
			isa = PBXTargetDependency;
			name = TenoneSDK;
			targetProxy = 4B016EA5290F89BA0012D8ED /* PBXContainerItemProxy */;
		};
/* End PBXTargetDependency section */

/* Begin PBXVariantGroup section */
		4BB46CA7290D685900AFE63C /* Main.storyboard */ = {
			isa = PBXVariantGroup;
			children = (
				4BB46CA8290D685900AFE63C /* Base */,
			);
			name = Main.storyboard;
			sourceTree = "<group>";
		};
		4BB46CAC290D685A00AFE63C /* LaunchScreen.storyboard */ = {
			isa = PBXVariantGroup;
			children = (
				4BB46CAD290D685A00AFE63C /* Base */,
			);
			name = LaunchScreen.storyboard;
			sourceTree = "<group>";
		};
/* End PBXVariantGroup section */

/* Begin XCBuildConfiguration section */
		4BB46CB2290D685A00AFE63C /* Debug */ = {
			isa = XCBuildConfiguration;
			buildSettings = {
				ALWAYS_SEARCH_USER_PATHS = NO;
				CLANG_ANALYZER_NONNULL = YES;
				CLANG_ANALYZER_NUMBER_OBJECT_CONVERSION = YES_AGGRESSIVE;
				CLANG_CXX_LANGUAGE_STANDARD = "gnu++17";
				CLANG_ENABLE_MODULES = YES;
				CLANG_ENABLE_OBJC_ARC = YES;
				CLANG_ENABLE_OBJC_WEAK = YES;
				CLANG_WARN_BLOCK_CAPTURE_AUTORELEASING = YES;
				CLANG_WARN_BOOL_CONVERSION = YES;
				CLANG_WARN_COMMA = YES;
				CLANG_WARN_CONSTANT_CONVERSION = YES;
				CLANG_WARN_DEPRECATED_OBJC_IMPLEMENTATIONS = YES;
				CLANG_WARN_DIRECT_OBJC_ISA_USAGE = YES_ERROR;
				CLANG_WARN_DOCUMENTATION_COMMENTS = YES;
				CLANG_WARN_EMPTY_BODY = YES;
				CLANG_WARN_ENUM_CONVERSION = YES;
				CLANG_WARN_INFINITE_RECURSION = YES;
				CLANG_WARN_INT_CONVERSION = YES;
				CLANG_WARN_NON_LITERAL_NULL_CONVERSION = YES;
				CLANG_WARN_OBJC_IMPLICIT_RETAIN_SELF = YES;
				CLANG_WARN_OBJC_LITERAL_CONVERSION = YES;
				CLANG_WARN_OBJC_ROOT_CLASS = YES_ERROR;
				CLANG_WARN_QUOTED_INCLUDE_IN_FRAMEWORK_HEADER = YES;
				CLANG_WARN_RANGE_LOOP_ANALYSIS = YES;
				CLANG_WARN_STRICT_PROTOTYPES = YES;
				CLANG_WARN_SUSPICIOUS_MOVE = YES;
				CLANG_WARN_UNGUARDED_AVAILABILITY = YES_AGGRESSIVE;
				CLANG_WARN_UNREACHABLE_CODE = YES;
				CLANG_WARN__DUPLICATE_METHOD_MATCH = YES;
				COPY_PHASE_STRIP = NO;
				DEBUG_INFORMATION_FORMAT = dwarf;
				ENABLE_STRICT_OBJC_MSGSEND = YES;
				ENABLE_TESTABILITY = YES;
				GCC_C_LANGUAGE_STANDARD = gnu11;
				GCC_DYNAMIC_NO_PIC = NO;
				GCC_NO_COMMON_BLOCKS = YES;
				GCC_OPTIMIZATION_LEVEL = 0;
				GCC_PREPROCESSOR_DEFINITIONS = (
					"DEBUG=1",
					"$(inherited)",
				);
				GCC_WARN_64_TO_32_BIT_CONVERSION = YES;
				GCC_WARN_ABOUT_RETURN_TYPE = YES_ERROR;
				GCC_WARN_UNDECLARED_SELECTOR = YES;
				GCC_WARN_UNINITIALIZED_AUTOS = YES_AGGRESSIVE;
				GCC_WARN_UNUSED_FUNCTION = YES;
				GCC_WARN_UNUSED_VARIABLE = YES;
				IPHONEOS_DEPLOYMENT_TARGET = 15.5;
				MTL_ENABLE_DEBUG_INFO = INCLUDE_SOURCE;
				MTL_FAST_MATH = YES;
				ONLY_ACTIVE_ARCH = YES;
				SDKROOT = iphoneos;
			};
			name = Debug;
		};
		4BB46CB3290D685A00AFE63C /* Release */ = {
			isa = XCBuildConfiguration;
			buildSettings = {
				ALWAYS_SEARCH_USER_PATHS = NO;
				CLANG_ANALYZER_NONNULL = YES;
				CLANG_ANALYZER_NUMBER_OBJECT_CONVERSION = YES_AGGRESSIVE;
				CLANG_CXX_LANGUAGE_STANDARD = "gnu++17";
				CLANG_ENABLE_MODULES = YES;
				CLANG_ENABLE_OBJC_ARC = YES;
				CLANG_ENABLE_OBJC_WEAK = YES;
				CLANG_WARN_BLOCK_CAPTURE_AUTORELEASING = YES;
				CLANG_WARN_BOOL_CONVERSION = YES;
				CLANG_WARN_COMMA = YES;
				CLANG_WARN_CONSTANT_CONVERSION = YES;
				CLANG_WARN_DEPRECATED_OBJC_IMPLEMENTATIONS = YES;
				CLANG_WARN_DIRECT_OBJC_ISA_USAGE = YES_ERROR;
				CLANG_WARN_DOCUMENTATION_COMMENTS = YES;
				CLANG_WARN_EMPTY_BODY = YES;
				CLANG_WARN_ENUM_CONVERSION = YES;
				CLANG_WARN_INFINITE_RECURSION = YES;
				CLANG_WARN_INT_CONVERSION = YES;
				CLANG_WARN_NON_LITERAL_NULL_CONVERSION = YES;
				CLANG_WARN_OBJC_IMPLICIT_RETAIN_SELF = YES;
				CLANG_WARN_OBJC_LITERAL_CONVERSION = YES;
				CLANG_WARN_OBJC_ROOT_CLASS = YES_ERROR;
				CLANG_WARN_QUOTED_INCLUDE_IN_FRAMEWORK_HEADER = YES;
				CLANG_WARN_RANGE_LOOP_ANALYSIS = YES;
				CLANG_WARN_STRICT_PROTOTYPES = YES;
				CLANG_WARN_SUSPICIOUS_MOVE = YES;
				CLANG_WARN_UNGUARDED_AVAILABILITY = YES_AGGRESSIVE;
				CLANG_WARN_UNREACHABLE_CODE = YES;
				CLANG_WARN__DUPLICATE_METHOD_MATCH = YES;
				COPY_PHASE_STRIP = NO;
				DEBUG_INFORMATION_FORMAT = "dwarf-with-dsym";
				ENABLE_NS_ASSERTIONS = NO;
				ENABLE_STRICT_OBJC_MSGSEND = YES;
				GCC_C_LANGUAGE_STANDARD = gnu11;
				GCC_NO_COMMON_BLOCKS = YES;
				GCC_WARN_64_TO_32_BIT_CONVERSION = YES;
				GCC_WARN_ABOUT_RETURN_TYPE = YES_ERROR;
				GCC_WARN_UNDECLARED_SELECTOR = YES;
				GCC_WARN_UNINITIALIZED_AUTOS = YES_AGGRESSIVE;
				GCC_WARN_UNUSED_FUNCTION = YES;
				GCC_WARN_UNUSED_VARIABLE = YES;
				IPHONEOS_DEPLOYMENT_TARGET = 15.5;
				MTL_ENABLE_DEBUG_INFO = NO;
				MTL_FAST_MATH = YES;
				SDKROOT = iphoneos;
				VALIDATE_PRODUCT = YES;
			};
			name = Release;
		};
		4BB46CB5290D685A00AFE63C /* Debug */ = {
			isa = XCBuildConfiguration;
			buildSettings = {
				ASSETCATALOG_COMPILER_APPICON_NAME = AppIcon;
				ASSETCATALOG_COMPILER_GLOBAL_ACCENT_COLOR_NAME = AccentColor;
				CODE_SIGN_STYLE = Automatic;
				CURRENT_PROJECT_VERSION = 1;
				DEVELOPMENT_TEAM = 5KL6DMD77G;
				"EXCLUDED_ARCHS[sdk=iphonesimulator*]" = arm64;
				GCC_INPUT_FILETYPE = automatic;
				GENERATE_INFOPLIST_FILE = YES;
				HEADER_SEARCH_PATHS = "../../../c++/src";
				INFOPLIST_FILE = TenOne/Info.plist;
				INFOPLIST_KEY_UIApplicationSupportsIndirectInputEvents = YES;
				INFOPLIST_KEY_UILaunchStoryboardName = LaunchScreen;
				INFOPLIST_KEY_UIMainStoryboardFile = Main;
				INFOPLIST_KEY_UISupportedInterfaceOrientations_iPad = "UIInterfaceOrientationPortrait UIInterfaceOrientationPortraitUpsideDown UIInterfaceOrientationLandscapeLeft UIInterfaceOrientationLandscapeRight";
				INFOPLIST_KEY_UISupportedInterfaceOrientations_iPhone = "UIInterfaceOrientationPortrait UIInterfaceOrientationLandscapeLeft UIInterfaceOrientationLandscapeRight";
				LD_RUNPATH_SEARCH_PATHS = (
					"$(inherited)",
					"@executable_path/Frameworks",
				);
				LIBRARY_SEARCH_PATHS = "../../../c++/output";
				MARKETING_VERSION = 1.0;
				PRODUCT_BUNDLE_IDENTIFIER = com.gzch.tenone.app.TenOne;
				PRODUCT_NAME = "$(TARGET_NAME)";
				SWIFT_EMIT_LOC_STRINGS = YES;
				TARGETED_DEVICE_FAMILY = "1,2";
			};
			name = Debug;
		};
		4BB46CB6290D685A00AFE63C /* Release */ = {
			isa = XCBuildConfiguration;
			buildSettings = {
				ASSETCATALOG_COMPILER_APPICON_NAME = AppIcon;
				ASSETCATALOG_COMPILER_GLOBAL_ACCENT_COLOR_NAME = AccentColor;
				CODE_SIGN_STYLE = Automatic;
				CURRENT_PROJECT_VERSION = 1;
				DEVELOPMENT_TEAM = 5KL6DMD77G;
				GCC_INPUT_FILETYPE = automatic;
				GENERATE_INFOPLIST_FILE = YES;
				HEADER_SEARCH_PATHS = "../../../c++/src";
				INFOPLIST_FILE = TenOne/Info.plist;
				INFOPLIST_KEY_UIApplicationSupportsIndirectInputEvents = YES;
				INFOPLIST_KEY_UILaunchStoryboardName = LaunchScreen;
				INFOPLIST_KEY_UIMainStoryboardFile = Main;
				INFOPLIST_KEY_UISupportedInterfaceOrientations_iPad = "UIInterfaceOrientationPortrait UIInterfaceOrientationPortraitUpsideDown UIInterfaceOrientationLandscapeLeft UIInterfaceOrientationLandscapeRight";
				INFOPLIST_KEY_UISupportedInterfaceOrientations_iPhone = "UIInterfaceOrientationPortrait UIInterfaceOrientationLandscapeLeft UIInterfaceOrientationLandscapeRight";
				LD_RUNPATH_SEARCH_PATHS = (
					"$(inherited)",
					"@executable_path/Frameworks",
				);
				LIBRARY_SEARCH_PATHS = "../../../c++/output";
				MARKETING_VERSION = 1.0;
				PRODUCT_BUNDLE_IDENTIFIER = com.gzch.tenone.app.TenOne;
				PRODUCT_NAME = "$(TARGET_NAME)";
				SWIFT_EMIT_LOC_STRINGS = YES;
				TARGETED_DEVICE_FAMILY = "1,2";
			};
			name = Release;
		};
/* End XCBuildConfiguration section */

/* Begin XCConfigurationList section */
		4BB46C96290D685900AFE63C /* Build configuration list for PBXProject "TenOne" */ = {
			isa = XCConfigurationList;
			buildConfigurations = (
				4BB46CB2290D685A00AFE63C /* Debug */,
				4BB46CB3290D685A00AFE63C /* Release */,
			);
			defaultConfigurationIsVisible = 0;
			defaultConfigurationName = Release;
		};
		4BB46CB4290D685A00AFE63C /* Build configuration list for PBXNativeTarget "TenOne" */ = {
			isa = XCConfigurationList;
			buildConfigurations = (
				4BB46CB5290D685A00AFE63C /* Debug */,
				4BB46CB6290D685A00AFE63C /* Release */,
			);
			defaultConfigurationIsVisible = 0;
			defaultConfigurationName = Release;
		};
/* End XCConfigurationList section */
	};
	rootObject = 4BB46C93290D685900AFE63C /* Project object */;
}
